
Microsoft Visual Studio Solution File, Format Version 12.00
# Visual Studio 15
Project("{FAE04EC0-301F-11D3-BF4B-00C04F79EFBC}") = "Assembly-CSharp", "Assembly-CSharp.csproj", "{D4CB8195-4204-1359-1CDC-2E19ECBFBDB5}"
EndProject
Project("{FAE04EC0-301F-11D3-BF4B-00C04F79EFBC}") = "Assembly-CSharp-Editor", "Assembly-CSharp-Editor.csproj", "{DE9947DD-BE3B-6169-91F0-9A4673F777DF}"
EndProject
Global
	GlobalSection(SolutionConfigurationPlatforms) = preSolution
		Debug|Any CPU = Debug|Any CPU
		Release|Any CPU = Release|Any CPU
	EndGlobalSection
	GlobalSection(ProjectConfigurationPlatforms) = postSolution
		{D4CB8195-4204-1359-1CDC-2E19ECBFBDB5}.Debug|Any CPU.ActiveCfg = Debug|Any CPU
		{D4CB8195-4204-1359-1CDC-2E19ECBFBDB5}.Debug|Any CPU.Build.0 = Debug|Any CPU
		{D4CB8195-4204-1359-1CDC-2E19ECBFBDB5}.Release|Any CPU.ActiveCfg = Release|Any CPU
		{D4CB8195-4204-1359-1CDC-2E19ECBFBDB5}.Release|Any CPU.Build.0 = Release|Any CPU
		{DE9947DD-BE3B-6169-91F0-9A4673F777DF}.Debug|Any CPU.ActiveCfg = Debug|Any CPU
		{DE9947DD-BE3B-6169-91F0-9A4673F777DF}.Debug|Any CPU.Build.0 = Debug|Any CPU
		{DE9947DD-BE3B-6169-91F0-9A4673F777DF}.Release|Any CPU.ActiveCfg = Release|Any CPU
		{DE9947DD-BE3B-6169-91F0-9A4673F777DF}.Release|Any CPU.Build.0 = Release|Any CPU
	EndGlobalSection
	GlobalSection(SolutionProperties) = preSolution
		HideSolutionNode = FALSE
	EndGlobalSection
EndGlobal
